
Microsoft Visual Studio Solution File, Format Version 12.00
# Visual Studio Version 16
VisualStudioVersion = 16.0.30717.126
MinimumVisualStudioVersion = 10.0.40219.1
Project("{FAE04EC0-301F-11D3-BF4B-00C04F79EFBC}") = "Herencia1", "Herencia1\Herencia1.csproj", "{11FAD504-FBE2-4DB4-A00F-35B8453277A0}"
EndProject
Global
	GlobalSection(SolutionConfigurationPlatforms) = preSolution
		Debug|Any CPU = Debug|Any CPU
		Release|Any CPU = Release|Any CPU
	EndGlobalSection
	GlobalSection(ProjectConfigurationPlatforms) = postSolution
		{11FAD504-FBE2-4DB4-A00F-35B8453277A0}.Debug|Any CPU.ActiveCfg = Debug|Any CPU
		{11FAD504-FBE2-4DB4-A00F-35B8453277A0}.Debug|Any CPU.Build.0 = Debug|Any CPU
		{11FAD504-FBE2-4DB4-A00F-35B8453277A0}.Release|Any CPU.ActiveCfg = Release|Any CPU
		{11FAD504-FBE2-4DB4-A00F-35B8453277A0}.Release|Any CPU.Build.0 = Release|Any CPU
	EndGlobalSection
	GlobalSection(SolutionProperties) = preSolution
		HideSolutionNode = FALSE
	EndGlobalSection
	GlobalSection(ExtensibilityGlobals) = postSolution
		SolutionGuid = {8D3E7FF8-F991-4EB8-83EE-3E641CF569AE}
	EndGlobalSection
EndGlobal
